Microsoft Visual Studio Solution File, Format Version 11.00
# Visual Studio 2008

Project("{6D5C6A20-23F4-C459-41C8-1C367406600B}") = "GGJ Framework", "Assembly-CSharp-firstpass.csproj", "{B8830934-7A39-546B-FD7C-71A275207B33}"
EndProject
Project("{6D5C6A20-23F4-C459-41C8-1C367406600B}") = "GGJ Framework", "Assembly-CSharp.csproj", "{7484CC64-FEF6-7F3E-CDEE-F466A4596E9B}"
EndProject
Project("{6D5C6A20-23F4-C459-41C8-1C367406600B}") = "GGJ Framework", "Assembly-CSharp-Editor.csproj", "{A951A345-9DC7-93FC-CE13-A0521C6E0FA2}"
EndProject
Global
	GlobalSection(SolutionConfigurationPlatforms) = preSolution
		Debug|Any CPU = Debug|Any CPU
		Release|Any CPU = Release|Any CPU
	EndGlobalSection
	GlobalSection(ProjectConfigurationPlatforms) = postSolution
		{B8830934-7A39-546B-FD7C-71A275207B33}.Debug|Any CPU.ActiveCfg = Debug|Any CPU
		{B8830934-7A39-546B-FD7C-71A275207B33}.Debug|Any CPU.Build.0 = Debug|Any CPU
		{B8830934-7A39-546B-FD7C-71A275207B33}.Release|Any CPU.ActiveCfg = Release|Any CPU
		{B8830934-7A39-546B-FD7C-71A275207B33}.Release|Any CPU.Build.0 = Release|Any CPU
		{7484CC64-FEF6-7F3E-CDEE-F466A4596E9B}.Debug|Any CPU.ActiveCfg = Debug|Any CPU
		{7484CC64-FEF6-7F3E-CDEE-F466A4596E9B}.Debug|Any CPU.Build.0 = Debug|Any CPU
		{7484CC64-FEF6-7F3E-CDEE-F466A4596E9B}.Release|Any CPU.ActiveCfg = Release|Any CPU
		{7484CC64-FEF6-7F3E-CDEE-F466A4596E9B}.Release|Any CPU.Build.0 = Release|Any CPU
		{A951A345-9DC7-93FC-CE13-A0521C6E0FA2}.Debug|Any CPU.ActiveCfg = Debug|Any CPU
		{A951A345-9DC7-93FC-CE13-A0521C6E0FA2}.Debug|Any CPU.Build.0 = Debug|Any CPU
		{A951A345-9DC7-93FC-CE13-A0521C6E0FA2}.Release|Any CPU.ActiveCfg = Release|Any CPU
		{A951A345-9DC7-93FC-CE13-A0521C6E0FA2}.Release|Any CPU.Build.0 = Release|Any CPU
	EndGlobalSection
	GlobalSection(SolutionProperties) = preSolution
		HideSolutionNode = FALSE
	EndGlobalSection
	GlobalSection(MonoDevelopProperties) = preSolution
		StartupItem = Assembly-CSharp.csproj
	EndGlobalSection
EndGlobal
